
Microsoft Visual Studio Solution File, Format Version 12.00
# Visual Studio Version 17
VisualStudioVersion = 17.0.32014.148
MinimumVisualStudioVersion = 10.0.40219.1
Project("{9A19103F-16F7-4668-BE54-9A1E7A4F7556}") = "CINEMATRIX.API.Host", "CINEMATRIX.API.Host\CINEMATRIX.API.Host.csproj", "{5BC7BABE-6815-4D56-8BCB-532C4A61C3E7}"
EndProject
Project("{2150E333-8FDC-42A3-9474-1A3956D46DE8}") = "API", "API", "{9D76D009-725B-465B-97E6-21520E7A151F}"
EndProject
Project("{2150E333-8FDC-42A3-9474-1A3956D46DE8}") = "Data", "Data", "{F260D53C-90D7-4AB1-AE05-415C90CB3E23}"
EndProject
Project("{9A19103F-16F7-4668-BE54-9A1E7A4F7556}") = "CINEMATRIX.API.Application", "CINEMATRIX.API.Application\CINEMATRIX.API.Application.csproj", "{E129A801-3B88-44E3-8516-D1C2CF9BB16E}"
EndProject
Project("{9A19103F-16F7-4668-BE54-9A1E7A4F7556}") = "CINEMATRIX.API.Resources", "CINEMATRIX.API.Resources\CINEMATRIX.API.Resources.csproj", "{348179C5-C683-40A2-87E1-01933662B09E}"
EndProject
Project("{9A19103F-16F7-4668-BE54-9A1E7A4F7556}") = "CINEMATRIX.Data.Domain", "CINEMATRIX.Data.Domain\CINEMATRIX.Data.Domain.csproj", "{596169E0-2C3E-4F1B-B6E3-6D8E89EC9EF6}"
EndProject
Project("{9A19103F-16F7-4668-BE54-9A1E7A4F7556}") = "CINEMATRIX.Data.EF.SQL", "CINEMATRIX.Data.EF.SQL\CINEMATRIX.Data.EF.SQL.csproj", "{99AE0E48-95B8-461A-B631-AB3DD6AD87BD}"
EndProject
Project("{9A19103F-16F7-4668-BE54-9A1E7A4F7556}") = "CINEMATRIX.Data.Services", "CINEMATRIX.Data.Services\CINEMATRIX.Data.Services.csproj", "{C1D32759-E7D0-494C-A6C7-442ECB560402}"
EndProject
Project("{9A19103F-16F7-4668-BE54-9A1E7A4F7556}") = "CINEMATRIX.API.Contracts", "CINEMATRIX.API.Contracts\CINEMATRIX.API.Contracts.csproj", "{CA70B1AB-FAE8-465F-BE83-7468C16A27A4}"
EndProject
Global
	GlobalSection(SolutionConfigurationPlatforms) = preSolution
		Debug|Any CPU = Debug|Any CPU
		Release|Any CPU = Release|Any CPU
	EndGlobalSection
	GlobalSection(ProjectConfigurationPlatforms) = postSolution
		{5BC7BABE-6815-4D56-8BCB-532C4A61C3E7}.Debug|Any CPU.ActiveCfg = Debug|Any CPU
		{5BC7BABE-6815-4D56-8BCB-532C4A61C3E7}.Debug|Any CPU.Build.0 = Debug|Any CPU
		{5BC7BABE-6815-4D56-8BCB-532C4A61C3E7}.Release|Any CPU.ActiveCfg = Release|Any CPU
		{5BC7BABE-6815-4D56-8BCB-532C4A61C3E7}.Release|Any CPU.Build.0 = Release|Any CPU
		{E129A801-3B88-44E3-8516-D1C2CF9BB16E}.Debug|Any CPU.ActiveCfg = Debug|Any CPU
		{E129A801-3B88-44E3-8516-D1C2CF9BB16E}.Debug|Any CPU.Build.0 = Debug|Any CPU
		{E129A801-3B88-44E3-8516-D1C2CF9BB16E}.Release|Any CPU.ActiveCfg = Release|Any CPU
		{E129A801-3B88-44E3-8516-D1C2CF9BB16E}.Release|Any CPU.Build.0 = Release|Any CPU
		{348179C5-C683-40A2-87E1-01933662B09E}.Debug|Any CPU.ActiveCfg = Debug|Any CPU
		{348179C5-C683-40A2-87E1-01933662B09E}.Debug|Any CPU.Build.0 = Debug|Any CPU
		{348179C5-C683-40A2-87E1-01933662B09E}.Release|Any CPU.ActiveCfg = Release|Any CPU
		{348179C5-C683-40A2-87E1-01933662B09E}.Release|Any CPU.Build.0 = Release|Any CPU
		{596169E0-2C3E-4F1B-B6E3-6D8E89EC9EF6}.Debug|Any CPU.ActiveCfg = Debug|Any CPU
		{596169E0-2C3E-4F1B-B6E3-6D8E89EC9EF6}.Debug|Any CPU.Build.0 = Debug|Any CPU
		{596169E0-2C3E-4F1B-B6E3-6D8E89EC9EF6}.Release|Any CPU.ActiveCfg = Release|Any CPU
		{596169E0-2C3E-4F1B-B6E3-6D8E89EC9EF6}.Release|Any CPU.Build.0 = Release|Any CPU
		{99AE0E48-95B8-461A-B631-AB3DD6AD87BD}.Debug|Any CPU.ActiveCfg = Debug|Any CPU
		{99AE0E48-95B8-461A-B631-AB3DD6AD87BD}.Debug|Any CPU.Build.0 = Debug|Any CPU
		{99AE0E48-95B8-461A-B631-AB3DD6AD87BD}.Release|Any CPU.ActiveCfg = Release|Any CPU
		{99AE0E48-95B8-461A-B631-AB3DD6AD87BD}.Release|Any CPU.Build.0 = Release|Any CPU
		{C1D32759-E7D0-494C-A6C7-442ECB560402}.Debug|Any CPU.ActiveCfg = Debug|Any CPU
		{C1D32759-E7D0-494C-A6C7-442ECB560402}.Debug|Any CPU.Build.0 = Debug|Any CPU
		{C1D32759-E7D0-494C-A6C7-442ECB560402}.Release|Any CPU.ActiveCfg = Release|Any CPU
		{C1D32759-E7D0-494C-A6C7-442ECB560402}.Release|Any CPU.Build.0 = Release|Any CPU
		{CA70B1AB-FAE8-465F-BE83-7468C16A27A4}.Debug|Any CPU.ActiveCfg = Debug|Any CPU
		{CA70B1AB-FAE8-465F-BE83-7468C16A27A4}.Debug|Any CPU.Build.0 = Debug|Any CPU
		{CA70B1AB-FAE8-465F-BE83-7468C16A27A4}.Release|Any CPU.ActiveCfg = Release|Any CPU
		{CA70B1AB-FAE8-465F-BE83-7468C16A27A4}.Release|Any CPU.Build.0 = Release|Any CPU
	EndGlobalSection
	GlobalSection(SolutionProperties) = preSolution
		HideSolutionNode = FALSE
	EndGlobalSection
	GlobalSection(NestedProjects) = preSolution
		{5BC7BABE-6815-4D56-8BCB-532C4A61C3E7} = {9D76D009-725B-465B-97E6-21520E7A151F}
		{E129A801-3B88-44E3-8516-D1C2CF9BB16E} = {9D76D009-725B-465B-97E6-21520E7A151F}
		{348179C5-C683-40A2-87E1-01933662B09E} = {9D76D009-725B-465B-97E6-21520E7A151F}
		{596169E0-2C3E-4F1B-B6E3-6D8E89EC9EF6} = {F260D53C-90D7-4AB1-AE05-415C90CB3E23}
		{99AE0E48-95B8-461A-B631-AB3DD6AD87BD} = {F260D53C-90D7-4AB1-AE05-415C90CB3E23}
		{C1D32759-E7D0-494C-A6C7-442ECB560402} = {F260D53C-90D7-4AB1-AE05-415C90CB3E23}
		{CA70B1AB-FAE8-465F-BE83-7468C16A27A4} = {9D76D009-725B-465B-97E6-21520E7A151F}
	EndGlobalSection
	GlobalSection(ExtensibilityGlobals) = postSolution
		SolutionGuid = {E5A7BDDA-7AF7-4633-BC5A-E7DB9CB298BE}
	EndGlobalSection
EndGlobal
