
Microsoft Visual Studio Solution File, Format Version 12.00
# Visual Studio Version 17
VisualStudioVersion = 17.0.32014.148
MinimumVisualStudioVersion = 10.0.40219.1
Project("{FAE04EC0-301F-11D3-BF4B-00C04F79EFBC}") = "CINEMATRIX.WPF", "CINEMATRIX.WPF.csproj", "{1B3E03C3-A837-4187-AFE5-A1EF979DB567}"
EndProject
Global
	GlobalSection(SolutionConfigurationPlatforms) = preSolution
		Debug|Any CPU = Debug|Any CPU
		Release|Any CPU = Release|Any CPU
	EndGlobalSection
	GlobalSection(ProjectConfigurationPlatforms) = postSolution
		{1B3E03C3-A837-4187-AFE5-A1EF979DB567}.Debug|Any CPU.ActiveCfg = Debug|Any CPU
		{1B3E03C3-A837-4187-AFE5-A1EF979DB567}.Debug|Any CPU.Build.0 = Debug|Any CPU
		{1B3E03C3-A837-4187-AFE5-A1EF979DB567}.Release|Any CPU.ActiveCfg = Release|Any CPU
		{1B3E03C3-A837-4187-AFE5-A1EF979DB567}.Release|Any CPU.Build.0 = Release|Any CPU
	EndGlobalSection
	GlobalSection(SolutionProperties) = preSolution
		HideSolutionNode = FALSE
	EndGlobalSection
	GlobalSection(ExtensibilityGlobals) = postSolution
		SolutionGuid = {35B0490E-19A8-455E-B265-0264D7E2397F}
	EndGlobalSection
EndGlobal
